{
  "version": 4,
  "terraform_version": "1.9.8",
  "serial": 21,
  "lineage": "e7c765a6-8269-e20d-8f35-2514069cfb5d",
  "outputs": {},
  "resources": [
    {
      "mode": "managed",
      "type": "docker_container",
      "name": "db",
      "provider": "provider[\"registry.terraform.io/kreuzwerker/docker\"]",
      "instances": [
        {
          "status": "tainted",
          "schema_version": 2,
          "attributes": {
            "attach": false,
            "bridge": null,
            "capabilities": [],
            "command": null,
            "container_logs": null,
            "cpu_set": null,
            "cpu_shares": null,
            "destroy_grace_seconds": null,
            "devices": [],
            "dns": null,
            "dns_opts": null,
            "dns_search": null,
            "domainname": null,
            "entrypoint": null,
            "env": [
              "POSTGRES_DB=database",
              "POSTGRES_PASSWORD=password",
              "POSTGRES_USER=username"
            ],
            "exit_code": null,
            "gateway": null,
            "gpus": null,
            "group_add": null,
            "healthcheck": null,
            "host": [],
            "hostname": null,
            "id": "1da639eda1399cd97b95e5f2d6343b7a920d26593f1f1b8739fc26a8fbc06041",
            "image": "sha256:612b28d1487c46c65273d945818ac9dfc561992761c23acbba464cace55b74f4",
            "init": null,
            "ip_address": null,
            "ip_prefix_length": null,
            "ipc_mode": null,
            "labels": [],
            "links": null,
            "log_driver": null,
            "log_opts": null,
            "logs": false,
            "max_retry_count": null,
            "memory": null,
            "memory_swap": null,
            "mounts": [],
            "must_run": true,
            "name": "class_schedule_db",
            "network_alias": null,
            "network_data": null,
            "network_mode": null,
            "networks": null,
            "networks_advanced": [],
            "pid_mode": null,
            "ports": [
              {
                "external": 5432,
                "internal": 5432,
                "ip": "0.0.0.0",
                "protocol": "tcp"
              }
            ],
            "privileged": null,
            "publish_all_ports": null,
            "read_only": false,
            "remove_volumes": true,
            "restart": "no",
            "rm": false,
            "runtime": null,
            "security_opts": [],
            "shm_size": null,
            "start": true,
            "stdin_open": false,
            "stop_signal": null,
            "stop_timeout": null,
            "storage_opts": null,
            "sysctls": null,
            "tmpfs": null,
            "tty": false,
            "ulimit": [],
            "upload": [],
            "user": null,
            "userns_mode": null,
            "volumes": [],
            "working_dir": null
          },
          "sensitive_attributes": [],
          "private": "eyJzY2hlbWFfdmVyc2lvbiI6IjIifQ==",
          "dependencies": [
            "docker_image.postgres"
          ]
        }
      ]
    },
    {
      "mode": "managed",
      "type": "docker_container",
      "name": "frontend",
      "provider": "provider[\"registry.terraform.io/kreuzwerker/docker\"]",
      "instances": [
        {
          "status": "tainted",
          "schema_version": 2,
          "attributes": {
            "attach": false,
            "bridge": null,
            "capabilities": [],
            "command": null,
            "container_logs": null,
            "cpu_set": null,
            "cpu_shares": null,
            "destroy_grace_seconds": null,
            "devices": [],
            "dns": null,
            "dns_opts": null,
            "dns_search": null,
            "domainname": null,
            "entrypoint": null,
            "env": [],
            "exit_code": null,
            "gateway": null,
            "gpus": null,
            "group_add": null,
            "healthcheck": null,
            "host": [],
            "hostname": null,
            "id": "98a55e60b0cc6fb7eb0475878435edf1a487c05180d54aca383b1830d541a58e",
            "image": "sha256:9e6b705f28a3d83ee607cf49d7024312f18ce4a20469eaf589f519260c631346",
            "init": null,
            "ip_address": null,
            "ip_prefix_length": null,
            "ipc_mode": null,
            "labels": [],
            "links": null,
            "log_driver": null,
            "log_opts": null,
            "logs": false,
            "max_retry_count": null,
            "memory": null,
            "memory_swap": null,
            "mounts": [],
            "must_run": true,
            "name": "class_schedule_frontend",
            "network_alias": null,
            "network_data": null,
            "network_mode": null,
            "networks": null,
            "networks_advanced": [],
            "pid_mode": null,
            "ports": [
              {
                "external": 3000,
                "internal": 3000,
                "ip": "0.0.0.0",
                "protocol": "tcp"
              }
            ],
            "privileged": null,
            "publish_all_ports": null,
            "read_only": false,
            "remove_volumes": true,
            "restart": "no",
            "rm": false,
            "runtime": null,
            "security_opts": [],
            "shm_size": null,
            "start": true,
            "stdin_open": false,
            "stop_signal": null,
            "stop_timeout": null,
            "storage_opts": null,
            "sysctls": null,
            "tmpfs": null,
            "tty": false,
            "ulimit": [],
            "upload": [],
            "user": null,
            "userns_mode": null,
            "volumes": [],
            "working_dir": null
          },
          "sensitive_attributes": [],
          "private": "eyJzY2hlbWFfdmVyc2lvbiI6IjIifQ==",
          "dependencies": [
            "docker_image.frontend"
          ]
        }
      ]
    },
    {
      "mode": "managed",
      "type": "docker_container",
      "name": "redis",
      "provider": "provider[\"registry.terraform.io/kreuzwerker/docker\"]",
      "instances": [
        {
          "status": "tainted",
          "schema_version": 2,
          "attributes": {
            "attach": false,
            "bridge": null,
            "capabilities": [],
            "command": null,
            "container_logs": null,
            "cpu_set": null,
            "cpu_shares": null,
            "destroy_grace_seconds": null,
            "devices": [],
            "dns": null,
            "dns_opts": null,
            "dns_search": null,
            "domainname": null,
            "entrypoint": null,
            "env": [],
            "exit_code": null,
            "gateway": null,
            "gpus": null,
            "group_add": null,
            "healthcheck": null,
            "host": [],
            "hostname": null,
            "id": "6cf72743e8b7e920a7c4a9f0209b6bc7b6ea81572e658399b89d01ce55c22cbf",
            "image": "sha256:de13e74e14b98eb96bdf886791ae47686c3c5d29f9d5f85ea55206843e3fce26",
            "init": null,
            "ip_address": null,
            "ip_prefix_length": null,
            "ipc_mode": null,
            "labels": [],
            "links": null,
            "log_driver": null,
            "log_opts": null,
            "logs": false,
            "max_retry_count": null,
            "memory": null,
            "memory_swap": null,
            "mounts": [],
            "must_run": true,
            "name": "class_schedule_redis",
            "network_alias": null,
            "network_data": null,
            "network_mode": null,
            "networks": null,
            "networks_advanced": [],
            "pid_mode": null,
            "ports": [
              {
                "external": 6379,
                "internal": 6379,
                "ip": "0.0.0.0",
                "protocol": "tcp"
              }
            ],
            "privileged": null,
            "publish_all_ports": null,
            "read_only": false,
            "remove_volumes": true,
            "restart": "no",
            "rm": false,
            "runtime": null,
            "security_opts": [],
            "shm_size": null,
            "start": true,
            "stdin_open": false,
            "stop_signal": null,
            "stop_timeout": null,
            "storage_opts": null,
            "sysctls": null,
            "tmpfs": null,
            "tty": false,
            "ulimit": [],
            "upload": [],
            "user": null,
            "userns_mode": null,
            "volumes": [],
            "working_dir": null
          },
          "sensitive_attributes": [],
          "private": "eyJzY2hlbWFfdmVyc2lvbiI6IjIifQ==",
          "dependencies": [
            "docker_image.redis"
          ]
        }
      ]
    },
    {
      "mode": "managed",
      "type": "docker_image",
      "name": "backend",
      "provider": "provider[\"registry.terraform.io/kreuzwerker/docker\"]",
      "instances": [
        {
          "schema_version": 0,
          "attributes": {
            "build": [],
            "force_remove": null,
            "id": "sha256:32fe448da1a293e266c9d2ad250bb69e68b38c545feb9ba68e194ee43a1d0b27dimavr/class_schedule_backend:latest",
            "keep_locally": null,
            "latest": "sha256:32fe448da1a293e266c9d2ad250bb69e68b38c545feb9ba68e194ee43a1d0b27",
            "name": "dimavr/class_schedule_backend:latest",
            "output": null,
            "pull_trigger": null,
            "pull_triggers": null,
            "repo_digest": "dimavr/class_schedule_backend@sha256:32fe448da1a293e266c9d2ad250bb69e68b38c545feb9ba68e194ee43a1d0b27",
            "triggers": null
          },
          "sensitive_attributes": [],
          "private": "bnVsbA=="
        }
      ]
    },
    {
      "mode": "managed",
      "type": "docker_image",
      "name": "frontend",
      "provider": "provider[\"registry.terraform.io/kreuzwerker/docker\"]",
      "instances": [
        {
          "schema_version": 0,
          "attributes": {
            "build": [],
            "force_remove": null,
            "id": "sha256:9e6b705f28a3d83ee607cf49d7024312f18ce4a20469eaf589f519260c631346dimavr/class_schedule_frontend:latest",
            "keep_locally": null,
            "latest": "sha256:9e6b705f28a3d83ee607cf49d7024312f18ce4a20469eaf589f519260c631346",
            "name": "dimavr/class_schedule_frontend:latest",
            "output": null,
            "pull_trigger": null,
            "pull_triggers": null,
            "repo_digest": "dimavr/class_schedule_frontend@sha256:9e6b705f28a3d83ee607cf49d7024312f18ce4a20469eaf589f519260c631346",
            "triggers": null
          },
          "sensitive_attributes": [],
          "private": "bnVsbA=="
        }
      ]
    },
    {
      "mode": "managed",
      "type": "docker_image",
      "name": "postgres",
      "provider": "provider[\"registry.terraform.io/kreuzwerker/docker\"]",
      "instances": [
        {
          "schema_version": 0,
          "attributes": {
            "build": [],
            "force_remove": null,
            "id": "sha256:612b28d1487c46c65273d945818ac9dfc561992761c23acbba464cace55b74f4postgres:13",
            "keep_locally": null,
            "latest": "sha256:612b28d1487c46c65273d945818ac9dfc561992761c23acbba464cace55b74f4",
            "name": "postgres:13",
            "output": null,
            "pull_trigger": null,
            "pull_triggers": null,
            "repo_digest": "postgres@sha256:612b28d1487c46c65273d945818ac9dfc561992761c23acbba464cace55b74f4",
            "triggers": null
          },
          "sensitive_attributes": [],
          "private": "bnVsbA=="
        }
      ]
    },
    {
      "mode": "managed",
      "type": "docker_image",
      "name": "redis",
      "provider": "provider[\"registry.terraform.io/kreuzwerker/docker\"]",
      "instances": [
        {
          "schema_version": 0,
          "attributes": {
            "build": [],
            "force_remove": null,
            "id": "sha256:de13e74e14b98eb96bdf886791ae47686c3c5d29f9d5f85ea55206843e3fce26redis:alpine",
            "keep_locally": null,
            "latest": "sha256:de13e74e14b98eb96bdf886791ae47686c3c5d29f9d5f85ea55206843e3fce26",
            "name": "redis:alpine",
            "output": null,
            "pull_trigger": null,
            "pull_triggers": null,
            "repo_digest": "redis@sha256:de13e74e14b98eb96bdf886791ae47686c3c5d29f9d5f85ea55206843e3fce26",
            "triggers": null
          },
          "sensitive_attributes": [],
          "private": "bnVsbA=="
        }
      ]
    }
  ],
  "check_results": null
}
